{
  "version": 4,
  "terraform_version": "1.0.0",
  "serial": 107,
  "lineage": "54af635f-6050-87c3-43d2-e4161172f48f",
  "outputs": {},
  "resources": [
    {
      "mode": "managed",
      "type": "azurerm_linux_virtual_machine",
      "name": "myVMS",
      "provider": "provider[\"registry.terraform.io/hashicorp/azurerm\"]",
      "instances": [
        {
          "index_key": 0,
          "schema_version": 0,
          "attributes": {
            "additional_capabilities": [],
            "admin_password": null,
            "admin_ssh_key": [
              {
                "public_key": "ssh-rsa AAAAB3NzaC1yc2EAAAADAQABAAABAQDDgKGzVzjsErVeb8cC/CvkRigK9dAHNjXnd6o6mbkUZaMInIJtmpQM8vjydtc+vngmzN27ceUswn5//ECWeSDbGyvBAGF0KL1L7h9Zn9Q64hmc66uH7vZKVbGK8/rwWqR6eT3HqjNDR4iCiFPpVHLVQYoV8d4KMVqL5RYJ2mcvRGhgHEoqMHa7mLXG0CJ7rzCMaMw3adV22zdoXBEY0EvbgIoNmFEWsSCiQuSEJFhxZKbbwQiap2MxDFwhPI+TWQkayRe0CcwwdawsuM1VyVYNrDfRI4H8am4Q/Ie25qfe+ZqVEhxFwJc8eoJo3xX7jdkSAqQfIjyaIWXm1sFXrmm5 martin@DESKTOP-150PN8I\n",
                "username": "uniruser"
              }
            ],
            "admin_username": "uniruser",
            "allow_extension_operations": true,
            "availability_set_id": "",
            "boot_diagnostics": [
              {
                "storage_account_uri": "https://storageaccountmanand.blob.core.windows.net/"
              }
            ],
            "computer_name": "master-nfs",
            "custom_data": null,
            "dedicated_host_id": "",
            "disable_password_authentication": true,
            "encryption_at_host_enabled": false,
            "eviction_policy": "",
            "extensions_time_budget": "PT1H30M",
            "id": "/subscriptions/31134ee4-8bef-4d69-ba43-961bcf3cf106/resourceGroups/kubernetes_rg/providers/Microsoft.Compute/virtualMachines/master-nfs",
            "identity": [],
            "location": "westeurope",
            "max_bid_price": -1,
            "name": "master-nfs",
            "network_interface_ids": [
              "/subscriptions/31134ee4-8bef-4d69-ba43-961bcf3cf106/resourceGroups/kubernetes_rg/providers/Microsoft.Network/networkInterfaces/interface-master-nfs"
            ],
            "os_disk": [
              {
                "caching": "ReadWrite",
                "diff_disk_settings": [],
                "disk_encryption_set_id": "",
                "disk_size_gb": 30,
                "name": "master-nfs_OsDisk_1_e146c9865bc04f279ebc3effd6ce9f05",
                "storage_account_type": "Standard_LRS",
                "write_accelerator_enabled": false
              }
            ],
            "plan": [
              {
                "name": "centos-8-stream-free",
                "product": "centos-8-stream-free",
                "publisher": "cognosys"
              }
            ],
            "priority": "Regular",
            "private_ip_address": "10.0.1.10",
            "private_ip_addresses": [
              "10.0.1.10"
            ],
            "provision_vm_agent": true,
            "proximity_placement_group_id": "",
            "public_ip_address": "20.101.136.240",
            "public_ip_addresses": [
              "20.101.136.240"
            ],
            "resource_group_name": "kubernetes_rg",
            "secret": [],
            "size": "Standard_D2_v3",
            "source_image_id": "",
            "source_image_reference": [
              {
                "offer": "centos-8-stream-free",
                "publisher": "cognosys",
                "sku": "centos-8-stream-free",
                "version": "1.2019.0810"
              }
            ],
            "tags": {
              "environment": "CP2"
            },
            "timeouts": null,
            "virtual_machine_id": "74a1ca12-8779-454d-816b-14ac3265126f",
            "virtual_machine_scale_set_id": "",
            "zone": ""
          },
          "sensitive_attributes": [],
          "private": "eyJlMmJmYjczMC1lY2FhLTExZTYtOGY4OC0zNDM2M2JjN2M0YzAiOnsiY3JlYXRlIjoyNzAwMDAwMDAwMDAwLCJkZWxldGUiOjI3MDAwMDAwMDAwMDAsInJlYWQiOjMwMDAwMDAwMDAwMCwidXBkYXRlIjoyNzAwMDAwMDAwMDAwfX0=",
          "dependencies": [
            "azurerm_network_interface.myNic1",
            "azurerm_public_ip.myPublicIp",
            "azurerm_resource_group.rg",
            "azurerm_storage_account.stAccount",
            "azurerm_subnet.mySubnet",
            "azurerm_virtual_network.myNet"
          ]
        },
        {
          "index_key": 1,
          "schema_version": 0,
          "attributes": {
            "additional_capabilities": [],
            "admin_password": null,
            "admin_ssh_key": [
              {
                "public_key": "ssh-rsa AAAAB3NzaC1yc2EAAAADAQABAAABAQDDgKGzVzjsErVeb8cC/CvkRigK9dAHNjXnd6o6mbkUZaMInIJtmpQM8vjydtc+vngmzN27ceUswn5//ECWeSDbGyvBAGF0KL1L7h9Zn9Q64hmc66uH7vZKVbGK8/rwWqR6eT3HqjNDR4iCiFPpVHLVQYoV8d4KMVqL5RYJ2mcvRGhgHEoqMHa7mLXG0CJ7rzCMaMw3adV22zdoXBEY0EvbgIoNmFEWsSCiQuSEJFhxZKbbwQiap2MxDFwhPI+TWQkayRe0CcwwdawsuM1VyVYNrDfRI4H8am4Q/Ie25qfe+ZqVEhxFwJc8eoJo3xX7jdkSAqQfIjyaIWXm1sFXrmm5 martin@DESKTOP-150PN8I\n",
                "username": "uniruser"
              }
            ],
            "admin_username": "uniruser",
            "allow_extension_operations": true,
            "availability_set_id": "",
            "boot_diagnostics": [
              {
                "storage_account_uri": "https://storageaccountmanand.blob.core.windows.net/"
              }
            ],
            "computer_name": "worker1",
            "custom_data": null,
            "dedicated_host_id": "",
            "disable_password_authentication": true,
            "encryption_at_host_enabled": false,
            "eviction_policy": "",
            "extensions_time_budget": "PT1H30M",
            "id": "/subscriptions/31134ee4-8bef-4d69-ba43-961bcf3cf106/resourceGroups/kubernetes_rg/providers/Microsoft.Compute/virtualMachines/worker1",
            "identity": [],
            "location": "westeurope",
            "max_bid_price": -1,
            "name": "worker1",
            "network_interface_ids": [
              "/subscriptions/31134ee4-8bef-4d69-ba43-961bcf3cf106/resourceGroups/kubernetes_rg/providers/Microsoft.Network/networkInterfaces/interface-worker1"
            ],
            "os_disk": [
              {
                "caching": "ReadWrite",
                "diff_disk_settings": [],
                "disk_encryption_set_id": "",
                "disk_size_gb": 30,
                "name": "worker1_OsDisk_1_1b0e7d90574b426eb6c42dee80f801f3",
                "storage_account_type": "Standard_LRS",
                "write_accelerator_enabled": false
              }
            ],
            "plan": [
              {
                "name": "centos-8-stream-free",
                "product": "centos-8-stream-free",
                "publisher": "cognosys"
              }
            ],
            "priority": "Regular",
            "private_ip_address": "10.0.1.11",
            "private_ip_addresses": [
              "10.0.1.11"
            ],
            "provision_vm_agent": true,
            "proximity_placement_group_id": "",
            "public_ip_address": "20.101.136.239",
            "public_ip_addresses": [
              "20.101.136.239"
            ],
            "resource_group_name": "kubernetes_rg",
            "secret": [],
            "size": "Standard_D1_v2",
            "source_image_id": "",
            "source_image_reference": [
              {
                "offer": "centos-8-stream-free",
                "publisher": "cognosys",
                "sku": "centos-8-stream-free",
                "version": "1.2019.0810"
              }
            ],
            "tags": {
              "environment": "CP2"
            },
            "timeouts": null,
            "virtual_machine_id": "a985e4a3-1023-43c3-98ed-61c294c48ce4",
            "virtual_machine_scale_set_id": "",
            "zone": ""
          },
          "sensitive_attributes": [],
          "private": "eyJlMmJmYjczMC1lY2FhLTExZTYtOGY4OC0zNDM2M2JjN2M0YzAiOnsiY3JlYXRlIjoyNzAwMDAwMDAwMDAwLCJkZWxldGUiOjI3MDAwMDAwMDAwMDAsInJlYWQiOjMwMDAwMDAwMDAwMCwidXBkYXRlIjoyNzAwMDAwMDAwMDAwfX0=",
          "dependencies": [
            "azurerm_network_interface.myNic1",
            "azurerm_public_ip.myPublicIp",
            "azurerm_resource_group.rg",
            "azurerm_storage_account.stAccount",
            "azurerm_subnet.mySubnet",
            "azurerm_virtual_network.myNet"
          ]
        },
        {
          "index_key": 2,
          "schema_version": 0,
          "attributes": {
            "additional_capabilities": [],
            "admin_password": null,
            "admin_ssh_key": [
              {
                "public_key": "ssh-rsa AAAAB3NzaC1yc2EAAAADAQABAAABAQDDgKGzVzjsErVeb8cC/CvkRigK9dAHNjXnd6o6mbkUZaMInIJtmpQM8vjydtc+vngmzN27ceUswn5//ECWeSDbGyvBAGF0KL1L7h9Zn9Q64hmc66uH7vZKVbGK8/rwWqR6eT3HqjNDR4iCiFPpVHLVQYoV8d4KMVqL5RYJ2mcvRGhgHEoqMHa7mLXG0CJ7rzCMaMw3adV22zdoXBEY0EvbgIoNmFEWsSCiQuSEJFhxZKbbwQiap2MxDFwhPI+TWQkayRe0CcwwdawsuM1VyVYNrDfRI4H8am4Q/Ie25qfe+ZqVEhxFwJc8eoJo3xX7jdkSAqQfIjyaIWXm1sFXrmm5 martin@DESKTOP-150PN8I\n",
                "username": "uniruser"
              }
            ],
            "admin_username": "uniruser",
            "allow_extension_operations": true,
            "availability_set_id": "",
            "boot_diagnostics": [
              {
                "storage_account_uri": "https://storageaccountmanand.blob.core.windows.net/"
              }
            ],
            "computer_name": "worker2",
            "custom_data": null,
            "dedicated_host_id": "",
            "disable_password_authentication": true,
            "encryption_at_host_enabled": false,
            "eviction_policy": "",
            "extensions_time_budget": "PT1H30M",
            "id": "/subscriptions/31134ee4-8bef-4d69-ba43-961bcf3cf106/resourceGroups/kubernetes_rg/providers/Microsoft.Compute/virtualMachines/worker2",
            "identity": [],
            "location": "westeurope",
            "max_bid_price": -1,
            "name": "worker2",
            "network_interface_ids": [
              "/subscriptions/31134ee4-8bef-4d69-ba43-961bcf3cf106/resourceGroups/kubernetes_rg/providers/Microsoft.Network/networkInterfaces/interface-worker2"
            ],
            "os_disk": [
              {
                "caching": "ReadWrite",
                "diff_disk_settings": [],
                "disk_encryption_set_id": "",
                "disk_size_gb": 30,
                "name": "worker2_OsDisk_1_2047070ce6cb4985b9221d9e92af9659",
                "storage_account_type": "Standard_LRS",
                "write_accelerator_enabled": false
              }
            ],
            "plan": [
              {
                "name": "centos-8-stream-free",
                "product": "centos-8-stream-free",
                "publisher": "cognosys"
              }
            ],
            "priority": "Regular",
            "private_ip_address": "10.0.1.12",
            "private_ip_addresses": [
              "10.0.1.12"
            ],
            "provision_vm_agent": true,
            "proximity_placement_group_id": "",
            "public_ip_address": "20.101.136.232",
            "public_ip_addresses": [
              "20.101.136.232"
            ],
            "resource_group_name": "kubernetes_rg",
            "secret": [],
            "size": "Standard_D1_v2",
            "source_image_id": "",
            "source_image_reference": [
              {
                "offer": "centos-8-stream-free",
                "publisher": "cognosys",
                "sku": "centos-8-stream-free",
                "version": "1.2019.0810"
              }
            ],
            "tags": {
              "environment": "CP2"
            },
            "timeouts": null,
            "virtual_machine_id": "98ca5ac0-f856-4122-9aad-3340f93be644",
            "virtual_machine_scale_set_id": "",
            "zone": ""
          },
          "sensitive_attributes": [],
          "private": "eyJlMmJmYjczMC1lY2FhLTExZTYtOGY4OC0zNDM2M2JjN2M0YzAiOnsiY3JlYXRlIjoyNzAwMDAwMDAwMDAwLCJkZWxldGUiOjI3MDAwMDAwMDAwMDAsInJlYWQiOjMwMDAwMDAwMDAwMCwidXBkYXRlIjoyNzAwMDAwMDAwMDAwfX0=",
          "dependencies": [
            "azurerm_network_interface.myNic1",
            "azurerm_public_ip.myPublicIp",
            "azurerm_resource_group.rg",
            "azurerm_storage_account.stAccount",
            "azurerm_subnet.mySubnet",
            "azurerm_virtual_network.myNet"
          ]
        }
      ]
    },
    {
      "mode": "managed",
      "type": "azurerm_network_interface",
      "name": "myNic1",
      "provider": "provider[\"registry.terraform.io/hashicorp/azurerm\"]",
      "instances": [
        {
          "index_key": 0,
          "schema_version": 0,
          "attributes": {
            "applied_dns_servers": [],
            "dns_servers": [],
            "enable_accelerated_networking": false,
            "enable_ip_forwarding": false,
            "id": "/subscriptions/31134ee4-8bef-4d69-ba43-961bcf3cf106/resourceGroups/kubernetes_rg/providers/Microsoft.Network/networkInterfaces/interface-master-nfs",
            "internal_dns_name_label": "",
            "internal_domain_name_suffix": "wugysjrscgpuvh4rlp1lznmiwf.ax.internal.cloudapp.net",
            "ip_configuration": [
              {
                "name": "myipconfiguration-master-nfs",
                "primary": true,
                "private_ip_address": "10.0.1.10",
                "private_ip_address_allocation": "Static",
                "private_ip_address_version": "IPv4",
                "public_ip_address_id": "/subscriptions/31134ee4-8bef-4d69-ba43-961bcf3cf106/resourceGroups/kubernetes_rg/providers/Microsoft.Network/publicIPAddresses/vmip-master-nfs",
                "subnet_id": "/subscriptions/31134ee4-8bef-4d69-ba43-961bcf3cf106/resourceGroups/kubernetes_rg/providers/Microsoft.Network/virtualNetworks/kubernetesnet/subnets/terraformsubnet"
              }
            ],
            "location": "westeurope",
            "mac_address": "",
            "name": "interface-master-nfs",
            "private_ip_address": "10.0.1.10",
            "private_ip_addresses": [
              "10.0.1.10"
            ],
            "resource_group_name": "kubernetes_rg",
            "tags": {
              "environment": "CP2"
            },
            "timeouts": null,
            "virtual_machine_id": ""
          },
          "sensitive_attributes": [],
          "private": "eyJlMmJmYjczMC1lY2FhLTExZTYtOGY4OC0zNDM2M2JjN2M0YzAiOnsiY3JlYXRlIjoxODAwMDAwMDAwMDAwLCJkZWxldGUiOjE4MDAwMDAwMDAwMDAsInJlYWQiOjMwMDAwMDAwMDAwMCwidXBkYXRlIjoxODAwMDAwMDAwMDAwfX0=",
          "dependencies": [
            "azurerm_public_ip.myPublicIp",
            "azurerm_resource_group.rg",
            "azurerm_subnet.mySubnet",
            "azurerm_virtual_network.myNet"
          ]
        },
        {
          "index_key": 1,
          "schema_version": 0,
          "attributes": {
            "applied_dns_servers": [],
            "dns_servers": [],
            "enable_accelerated_networking": false,
            "enable_ip_forwarding": false,
            "id": "/subscriptions/31134ee4-8bef-4d69-ba43-961bcf3cf106/resourceGroups/kubernetes_rg/providers/Microsoft.Network/networkInterfaces/interface-worker1",
            "internal_dns_name_label": "",
            "internal_domain_name_suffix": "wugysjrscgpuvh4rlp1lznmiwf.ax.internal.cloudapp.net",
            "ip_configuration": [
              {
                "name": "myipconfiguration-worker1",
                "primary": true,
                "private_ip_address": "10.0.1.11",
                "private_ip_address_allocation": "Static",
                "private_ip_address_version": "IPv4",
                "public_ip_address_id": "/subscriptions/31134ee4-8bef-4d69-ba43-961bcf3cf106/resourceGroups/kubernetes_rg/providers/Microsoft.Network/publicIPAddresses/vmip-worker1",
                "subnet_id": "/subscriptions/31134ee4-8bef-4d69-ba43-961bcf3cf106/resourceGroups/kubernetes_rg/providers/Microsoft.Network/virtualNetworks/kubernetesnet/subnets/terraformsubnet"
              }
            ],
            "location": "westeurope",
            "mac_address": "",
            "name": "interface-worker1",
            "private_ip_address": "10.0.1.11",
            "private_ip_addresses": [
              "10.0.1.11"
            ],
            "resource_group_name": "kubernetes_rg",
            "tags": {
              "environment": "CP2"
            },
            "timeouts": null,
            "virtual_machine_id": ""
          },
          "sensitive_attributes": [],
          "private": "eyJlMmJmYjczMC1lY2FhLTExZTYtOGY4OC0zNDM2M2JjN2M0YzAiOnsiY3JlYXRlIjoxODAwMDAwMDAwMDAwLCJkZWxldGUiOjE4MDAwMDAwMDAwMDAsInJlYWQiOjMwMDAwMDAwMDAwMCwidXBkYXRlIjoxODAwMDAwMDAwMDAwfX0=",
          "dependencies": [
            "azurerm_public_ip.myPublicIp",
            "azurerm_resource_group.rg",
            "azurerm_subnet.mySubnet",
            "azurerm_virtual_network.myNet"
          ]
        },
        {
          "index_key": 2,
          "schema_version": 0,
          "attributes": {
            "applied_dns_servers": [],
            "dns_servers": [],
            "enable_accelerated_networking": false,
            "enable_ip_forwarding": false,
            "id": "/subscriptions/31134ee4-8bef-4d69-ba43-961bcf3cf106/resourceGroups/kubernetes_rg/providers/Microsoft.Network/networkInterfaces/interface-worker2",
            "internal_dns_name_label": "",
            "internal_domain_name_suffix": "wugysjrscgpuvh4rlp1lznmiwf.ax.internal.cloudapp.net",
            "ip_configuration": [
              {
                "name": "myipconfiguration-worker2",
                "primary": true,
                "private_ip_address": "10.0.1.12",
                "private_ip_address_allocation": "Static",
                "private_ip_address_version": "IPv4",
                "public_ip_address_id": "/subscriptions/31134ee4-8bef-4d69-ba43-961bcf3cf106/resourceGroups/kubernetes_rg/providers/Microsoft.Network/publicIPAddresses/vmip-worker2",
                "subnet_id": "/subscriptions/31134ee4-8bef-4d69-ba43-961bcf3cf106/resourceGroups/kubernetes_rg/providers/Microsoft.Network/virtualNetworks/kubernetesnet/subnets/terraformsubnet"
              }
            ],
            "location": "westeurope",
            "mac_address": "",
            "name": "interface-worker2",
            "private_ip_address": "10.0.1.12",
            "private_ip_addresses": [
              "10.0.1.12"
            ],
            "resource_group_name": "kubernetes_rg",
            "tags": {
              "environment": "CP2"
            },
            "timeouts": null,
            "virtual_machine_id": ""
          },
          "sensitive_attributes": [],
          "private": "eyJlMmJmYjczMC1lY2FhLTExZTYtOGY4OC0zNDM2M2JjN2M0YzAiOnsiY3JlYXRlIjoxODAwMDAwMDAwMDAwLCJkZWxldGUiOjE4MDAwMDAwMDAwMDAsInJlYWQiOjMwMDAwMDAwMDAwMCwidXBkYXRlIjoxODAwMDAwMDAwMDAwfX0=",
          "dependencies": [
            "azurerm_public_ip.myPublicIp",
            "azurerm_resource_group.rg",
            "azurerm_subnet.mySubnet",
            "azurerm_virtual_network.myNet"
          ]
        }
      ]
    },
    {
      "mode": "managed",
      "type": "azurerm_network_interface_security_group_association",
      "name": "mySecGroupAssociation1",
      "provider": "provider[\"registry.terraform.io/hashicorp/azurerm\"]",
      "instances": [
        {
          "index_key": 0,
          "schema_version": 0,
          "attributes": {
            "id": "/subscriptions/31134ee4-8bef-4d69-ba43-961bcf3cf106/resourceGroups/kubernetes_rg/providers/Microsoft.Network/networkInterfaces/interface-master-nfs|/subscriptions/31134ee4-8bef-4d69-ba43-961bcf3cf106/resourceGroups/kubernetes_rg/providers/Microsoft.Network/networkSecurityGroups/sshtraffic",
            "network_interface_id": "/subscriptions/31134ee4-8bef-4d69-ba43-961bcf3cf106/resourceGroups/kubernetes_rg/providers/Microsoft.Network/networkInterfaces/interface-master-nfs",
            "network_security_group_id": "/subscriptions/31134ee4-8bef-4d69-ba43-961bcf3cf106/resourceGroups/kubernetes_rg/providers/Microsoft.Network/networkSecurityGroups/sshtraffic",
            "timeouts": null
          },
          "sensitive_attributes": [],
          "private": "eyJlMmJmYjczMC1lY2FhLTExZTYtOGY4OC0zNDM2M2JjN2M0YzAiOnsiY3JlYXRlIjoxODAwMDAwMDAwMDAwLCJkZWxldGUiOjE4MDAwMDAwMDAwMDAsInJlYWQiOjMwMDAwMDAwMDAwMCwidXBkYXRlIjoxODAwMDAwMDAwMDAwfX0=",
          "dependencies": [
            "azurerm_network_interface.myNic1",
            "azurerm_network_security_group.mySecGroup",
            "azurerm_public_ip.myPublicIp",
            "azurerm_resource_group.rg",
            "azurerm_subnet.mySubnet",
            "azurerm_virtual_network.myNet"
          ]
        },
        {
          "index_key": 1,
          "schema_version": 0,
          "attributes": {
            "id": "/subscriptions/31134ee4-8bef-4d69-ba43-961bcf3cf106/resourceGroups/kubernetes_rg/providers/Microsoft.Network/networkInterfaces/interface-worker1|/subscriptions/31134ee4-8bef-4d69-ba43-961bcf3cf106/resourceGroups/kubernetes_rg/providers/Microsoft.Network/networkSecurityGroups/sshtraffic",
            "network_interface_id": "/subscriptions/31134ee4-8bef-4d69-ba43-961bcf3cf106/resourceGroups/kubernetes_rg/providers/Microsoft.Network/networkInterfaces/interface-worker1",
            "network_security_group_id": "/subscriptions/31134ee4-8bef-4d69-ba43-961bcf3cf106/resourceGroups/kubernetes_rg/providers/Microsoft.Network/networkSecurityGroups/sshtraffic",
            "timeouts": null
          },
          "sensitive_attributes": [],
          "private": "eyJlMmJmYjczMC1lY2FhLTExZTYtOGY4OC0zNDM2M2JjN2M0YzAiOnsiY3JlYXRlIjoxODAwMDAwMDAwMDAwLCJkZWxldGUiOjE4MDAwMDAwMDAwMDAsInJlYWQiOjMwMDAwMDAwMDAwMCwidXBkYXRlIjoxODAwMDAwMDAwMDAwfX0=",
          "dependencies": [
            "azurerm_network_interface.myNic1",
            "azurerm_network_security_group.mySecGroup",
            "azurerm_public_ip.myPublicIp",
            "azurerm_resource_group.rg",
            "azurerm_subnet.mySubnet",
            "azurerm_virtual_network.myNet"
          ]
        },
        {
          "index_key": 2,
          "schema_version": 0,
          "attributes": {
            "id": "/subscriptions/31134ee4-8bef-4d69-ba43-961bcf3cf106/resourceGroups/kubernetes_rg/providers/Microsoft.Network/networkInterfaces/interface-worker2|/subscriptions/31134ee4-8bef-4d69-ba43-961bcf3cf106/resourceGroups/kubernetes_rg/providers/Microsoft.Network/networkSecurityGroups/sshtraffic",
            "network_interface_id": "/subscriptions/31134ee4-8bef-4d69-ba43-961bcf3cf106/resourceGroups/kubernetes_rg/providers/Microsoft.Network/networkInterfaces/interface-worker2",
            "network_security_group_id": "/subscriptions/31134ee4-8bef-4d69-ba43-961bcf3cf106/resourceGroups/kubernetes_rg/providers/Microsoft.Network/networkSecurityGroups/sshtraffic",
            "timeouts": null
          },
          "sensitive_attributes": [],
          "private": "eyJlMmJmYjczMC1lY2FhLTExZTYtOGY4OC0zNDM2M2JjN2M0YzAiOnsiY3JlYXRlIjoxODAwMDAwMDAwMDAwLCJkZWxldGUiOjE4MDAwMDAwMDAwMDAsInJlYWQiOjMwMDAwMDAwMDAwMCwidXBkYXRlIjoxODAwMDAwMDAwMDAwfX0=",
          "dependencies": [
            "azurerm_network_interface.myNic1",
            "azurerm_network_security_group.mySecGroup",
            "azurerm_public_ip.myPublicIp",
            "azurerm_resource_group.rg",
            "azurerm_subnet.mySubnet",
            "azurerm_virtual_network.myNet"
          ]
        }
      ]
    },
    {
      "mode": "managed",
      "type": "azurerm_network_security_group",
      "name": "mySecGroup",
      "provider": "provider[\"registry.terraform.io/hashicorp/azurerm\"]",
      "instances": [
        {
          "schema_version": 0,
          "attributes": {
            "id": "/subscriptions/31134ee4-8bef-4d69-ba43-961bcf3cf106/resourceGroups/kubernetes_rg/providers/Microsoft.Network/networkSecurityGroups/sshtraffic",
            "location": "westeurope",
            "name": "sshtraffic",
            "resource_group_name": "kubernetes_rg",
            "security_rule": [
              {
                "access": "Allow",
                "description": "",
                "destination_address_prefix": "*",
                "destination_address_prefixes": [],
                "destination_application_security_group_ids": [],
                "destination_port_range": "22",
                "destination_port_ranges": [],
                "direction": "Inbound",
                "name": "SSH",
                "priority": 1001,
                "protocol": "Tcp",
                "source_address_prefix": "*",
                "source_address_prefixes": [],
                "source_application_security_group_ids": [],
                "source_port_range": "*",
                "source_port_ranges": []
              }
            ],
            "tags": {
              "environment": "CP2"
            },
            "timeouts": null
          },
          "sensitive_attributes": [],
          "private": "eyJlMmJmYjczMC1lY2FhLTExZTYtOGY4OC0zNDM2M2JjN2M0YzAiOnsiY3JlYXRlIjoxODAwMDAwMDAwMDAwLCJkZWxldGUiOjE4MDAwMDAwMDAwMDAsInJlYWQiOjMwMDAwMDAwMDAwMCwidXBkYXRlIjoxODAwMDAwMDAwMDAwfX0=",
          "dependencies": [
            "azurerm_resource_group.rg"
          ]
        }
      ]
    },
    {
      "mode": "managed",
      "type": "azurerm_public_ip",
      "name": "myPublicIp",
      "provider": "provider[\"registry.terraform.io/hashicorp/azurerm\"]",
      "instances": [
        {
          "index_key": 0,
          "schema_version": 0,
          "attributes": {
            "allocation_method": "Dynamic",
            "domain_name_label": null,
            "fqdn": null,
            "id": "/subscriptions/31134ee4-8bef-4d69-ba43-961bcf3cf106/resourceGroups/kubernetes_rg/providers/Microsoft.Network/publicIPAddresses/vmip-master-nfs",
            "idle_timeout_in_minutes": 4,
            "ip_address": "",
            "ip_version": "IPv4",
            "location": "westeurope",
            "name": "vmip-master-nfs",
            "public_ip_prefix_id": null,
            "resource_group_name": "kubernetes_rg",
            "reverse_fqdn": null,
            "sku": "Basic",
            "tags": {
              "environment": "CP2"
            },
            "timeouts": null,
            "zones": null
          },
          "sensitive_attributes": [],
          "private": "eyJlMmJmYjczMC1lY2FhLTExZTYtOGY4OC0zNDM2M2JjN2M0YzAiOnsiY3JlYXRlIjoxODAwMDAwMDAwMDAwLCJkZWxldGUiOjE4MDAwMDAwMDAwMDAsInJlYWQiOjMwMDAwMDAwMDAwMCwidXBkYXRlIjoxODAwMDAwMDAwMDAwfX0=",
          "dependencies": [
            "azurerm_resource_group.rg"
          ]
        },
        {
          "index_key": 1,
          "schema_version": 0,
          "attributes": {
            "allocation_method": "Dynamic",
            "domain_name_label": null,
            "fqdn": null,
            "id": "/subscriptions/31134ee4-8bef-4d69-ba43-961bcf3cf106/resourceGroups/kubernetes_rg/providers/Microsoft.Network/publicIPAddresses/vmip-worker1",
            "idle_timeout_in_minutes": 4,
            "ip_address": "",
            "ip_version": "IPv4",
            "location": "westeurope",
            "name": "vmip-worker1",
            "public_ip_prefix_id": null,
            "resource_group_name": "kubernetes_rg",
            "reverse_fqdn": null,
            "sku": "Basic",
            "tags": {
              "environment": "CP2"
            },
            "timeouts": null,
            "zones": null
          },
          "sensitive_attributes": [],
          "private": "eyJlMmJmYjczMC1lY2FhLTExZTYtOGY4OC0zNDM2M2JjN2M0YzAiOnsiY3JlYXRlIjoxODAwMDAwMDAwMDAwLCJkZWxldGUiOjE4MDAwMDAwMDAwMDAsInJlYWQiOjMwMDAwMDAwMDAwMCwidXBkYXRlIjoxODAwMDAwMDAwMDAwfX0=",
          "dependencies": [
            "azurerm_resource_group.rg"
          ]
        },
        {
          "index_key": 2,
          "schema_version": 0,
          "attributes": {
            "allocation_method": "Dynamic",
            "domain_name_label": null,
            "fqdn": null,
            "id": "/subscriptions/31134ee4-8bef-4d69-ba43-961bcf3cf106/resourceGroups/kubernetes_rg/providers/Microsoft.Network/publicIPAddresses/vmip-worker2",
            "idle_timeout_in_minutes": 4,
            "ip_address": "",
            "ip_version": "IPv4",
            "location": "westeurope",
            "name": "vmip-worker2",
            "public_ip_prefix_id": null,
            "resource_group_name": "kubernetes_rg",
            "reverse_fqdn": null,
            "sku": "Basic",
            "tags": {
              "environment": "CP2"
            },
            "timeouts": null,
            "zones": null
          },
          "sensitive_attributes": [],
          "private": "eyJlMmJmYjczMC1lY2FhLTExZTYtOGY4OC0zNDM2M2JjN2M0YzAiOnsiY3JlYXRlIjoxODAwMDAwMDAwMDAwLCJkZWxldGUiOjE4MDAwMDAwMDAwMDAsInJlYWQiOjMwMDAwMDAwMDAwMCwidXBkYXRlIjoxODAwMDAwMDAwMDAwfX0=",
          "dependencies": [
            "azurerm_resource_group.rg"
          ]
        }
      ]
    },
    {
      "mode": "managed",
      "type": "azurerm_resource_group",
      "name": "rg",
      "provider": "provider[\"registry.terraform.io/hashicorp/azurerm\"]",
      "instances": [
        {
          "schema_version": 0,
          "attributes": {
            "id": "/subscriptions/31134ee4-8bef-4d69-ba43-961bcf3cf106/resourceGroups/kubernetes_rg",
            "location": "westeurope",
            "name": "kubernetes_rg",
            "tags": {
              "environment": "CP2"
            },
            "timeouts": null
          },
          "sensitive_attributes": [],
          "private": "eyJlMmJmYjczMC1lY2FhLTExZTYtOGY4OC0zNDM2M2JjN2M0YzAiOnsiY3JlYXRlIjo1NDAwMDAwMDAwMDAwLCJkZWxldGUiOjU0MDAwMDAwMDAwMDAsInJlYWQiOjMwMDAwMDAwMDAwMCwidXBkYXRlIjo1NDAwMDAwMDAwMDAwfX0="
        }
      ]
    },
    {
      "mode": "managed",
      "type": "azurerm_storage_account",
      "name": "stAccount",
      "provider": "provider[\"registry.terraform.io/hashicorp/azurerm\"]",
      "instances": [
        {
          "schema_version": 2,
          "attributes": {
            "access_tier": "Hot",
            "account_kind": "StorageV2",
            "account_replication_type": "LRS",
            "account_tier": "Standard",
            "allow_blob_public_access": false,
            "blob_properties": [],
            "custom_domain": [],
            "enable_https_traffic_only": true,
            "id": "/subscriptions/31134ee4-8bef-4d69-ba43-961bcf3cf106/resourceGroups/kubernetes_rg/providers/Microsoft.Storage/storageAccounts/storageaccountmanand",
            "identity": [],
            "is_hns_enabled": false,
            "large_file_share_enabled": null,
            "location": "westeurope",
            "min_tls_version": "TLS1_0",
            "name": "storageaccountmanand",
            "network_rules": [
              {
                "bypass": [
                  "AzureServices"
                ],
                "default_action": "Allow",
                "ip_rules": [],
                "virtual_network_subnet_ids": []
              }
            ],
            "primary_access_key": "Qa5c4lPvzIzaemfix/Ej/cttumPdqBmONFwTsSlKSdRjCC8Hrz9KoHXlc5VbWST06qdF4qmuY1x8iB/PY5a5xQ==",
            "primary_blob_connection_string": "DefaultEndpointsProtocol=https;BlobEndpoint=https://storageaccountmanand.blob.core.windows.net/;AccountName=storageaccountmanand;AccountKey=Qa5c4lPvzIzaemfix/Ej/cttumPdqBmONFwTsSlKSdRjCC8Hrz9KoHXlc5VbWST06qdF4qmuY1x8iB/PY5a5xQ==",
            "primary_blob_endpoint": "https://storageaccountmanand.blob.core.windows.net/",
            "primary_blob_host": "storageaccountmanand.blob.core.windows.net",
            "primary_connection_string": "DefaultEndpointsProtocol=https;AccountName=storageaccountmanand;AccountKey=Qa5c4lPvzIzaemfix/Ej/cttumPdqBmONFwTsSlKSdRjCC8Hrz9KoHXlc5VbWST06qdF4qmuY1x8iB/PY5a5xQ==;EndpointSuffix=core.windows.net",
            "primary_dfs_endpoint": "https://storageaccountmanand.dfs.core.windows.net/",
            "primary_dfs_host": "storageaccountmanand.dfs.core.windows.net",
            "primary_file_endpoint": "https://storageaccountmanand.file.core.windows.net/",
            "primary_file_host": "storageaccountmanand.file.core.windows.net",
            "primary_location": "westeurope",
            "primary_queue_endpoint": "https://storageaccountmanand.queue.core.windows.net/",
            "primary_queue_host": "storageaccountmanand.queue.core.windows.net",
            "primary_table_endpoint": "https://storageaccountmanand.table.core.windows.net/",
            "primary_table_host": "storageaccountmanand.table.core.windows.net",
            "primary_web_endpoint": "https://storageaccountmanand.z6.web.core.windows.net/",
            "primary_web_host": "storageaccountmanand.z6.web.core.windows.net",
            "queue_properties": [
              {
                "cors_rule": [],
                "hour_metrics": [
                  {
                    "enabled": true,
                    "include_apis": true,
                    "retention_policy_days": 7,
                    "version": "1.0"
                  }
                ],
                "logging": [
                  {
                    "delete": false,
                    "read": false,
                    "retention_policy_days": 0,
                    "version": "1.0",
                    "write": false
                  }
                ],
                "minute_metrics": [
                  {
                    "enabled": false,
                    "include_apis": false,
                    "retention_policy_days": 0,
                    "version": "1.0"
                  }
                ]
              }
            ],
            "resource_group_name": "kubernetes_rg",
            "secondary_access_key": "a98kdI3GdT9xwXqwi3CKCFB3Bz+lBhOxgpBl0LRK3gdTMpK+p4k4yOsnlshKfx4pNrDZOHXWVHg/9BZuRVhIow==",
            "secondary_blob_connection_string": "",
            "secondary_blob_endpoint": null,
            "secondary_blob_host": null,
            "secondary_connection_string": "DefaultEndpointsProtocol=https;AccountName=storageaccountmanand;AccountKey=a98kdI3GdT9xwXqwi3CKCFB3Bz+lBhOxgpBl0LRK3gdTMpK+p4k4yOsnlshKfx4pNrDZOHXWVHg/9BZuRVhIow==;EndpointSuffix=core.windows.net",
            "secondary_dfs_endpoint": null,
            "secondary_dfs_host": null,
            "secondary_file_endpoint": null,
            "secondary_file_host": null,
            "secondary_location": "",
            "secondary_queue_endpoint": null,
            "secondary_queue_host": null,
            "secondary_table_endpoint": null,
            "secondary_table_host": null,
            "secondary_web_endpoint": null,
            "secondary_web_host": null,
            "static_website": [],
            "tags": {
              "environment": "CP2"
            },
            "timeouts": null
          },
          "sensitive_attributes": [],
          "private": "eyJlMmJmYjczMC1lY2FhLTExZTYtOGY4OC0zNDM2M2JjN2M0YzAiOnsiY3JlYXRlIjozNjAwMDAwMDAwMDAwLCJkZWxldGUiOjM2MDAwMDAwMDAwMDAsInJlYWQiOjMwMDAwMDAwMDAwMCwidXBkYXRlIjozNjAwMDAwMDAwMDAwfSwic2NoZW1hX3ZlcnNpb24iOiIyIn0=",
          "dependencies": [
            "azurerm_resource_group.rg"
          ]
        }
      ]
    },
    {
      "mode": "managed",
      "type": "azurerm_subnet",
      "name": "mySubnet",
      "provider": "provider[\"registry.terraform.io/hashicorp/azurerm\"]",
      "instances": [
        {
          "schema_version": 0,
          "attributes": {
            "address_prefix": "10.0.1.0/24",
            "address_prefixes": [
              "10.0.1.0/24"
            ],
            "delegation": [],
            "enforce_private_link_endpoint_network_policies": false,
            "enforce_private_link_service_network_policies": false,
            "id": "/subscriptions/31134ee4-8bef-4d69-ba43-961bcf3cf106/resourceGroups/kubernetes_rg/providers/Microsoft.Network/virtualNetworks/kubernetesnet/subnets/terraformsubnet",
            "name": "terraformsubnet",
            "resource_group_name": "kubernetes_rg",
            "service_endpoint_policy_ids": null,
            "service_endpoints": null,
            "timeouts": null,
            "virtual_network_name": "kubernetesnet"
          },
          "sensitive_attributes": [],
          "private": "eyJlMmJmYjczMC1lY2FhLTExZTYtOGY4OC0zNDM2M2JjN2M0YzAiOnsiY3JlYXRlIjoxODAwMDAwMDAwMDAwLCJkZWxldGUiOjE4MDAwMDAwMDAwMDAsInJlYWQiOjMwMDAwMDAwMDAwMCwidXBkYXRlIjoxODAwMDAwMDAwMDAwfX0=",
          "dependencies": [
            "azurerm_resource_group.rg",
            "azurerm_virtual_network.myNet"
          ]
        }
      ]
    },
    {
      "mode": "managed",
      "type": "azurerm_virtual_network",
      "name": "myNet",
      "provider": "provider[\"registry.terraform.io/hashicorp/azurerm\"]",
      "instances": [
        {
          "schema_version": 0,
          "attributes": {
            "address_space": [
              "10.0.0.0/16"
            ],
            "bgp_community": "",
            "ddos_protection_plan": [],
            "dns_servers": null,
            "guid": "26890db5-1132-4a9f-9fd1-5bf6bcb588b5",
            "id": "/subscriptions/31134ee4-8bef-4d69-ba43-961bcf3cf106/resourceGroups/kubernetes_rg/providers/Microsoft.Network/virtualNetworks/kubernetesnet",
            "location": "westeurope",
            "name": "kubernetesnet",
            "resource_group_name": "kubernetes_rg",
            "subnet": [],
            "tags": {
              "environment": "CP2"
            },
            "timeouts": null,
            "vm_protection_enabled": false
          },
          "sensitive_attributes": [],
          "private": "eyJlMmJmYjczMC1lY2FhLTExZTYtOGY4OC0zNDM2M2JjN2M0YzAiOnsiY3JlYXRlIjoxODAwMDAwMDAwMDAwLCJkZWxldGUiOjE4MDAwMDAwMDAwMDAsInJlYWQiOjMwMDAwMDAwMDAwMCwidXBkYXRlIjoxODAwMDAwMDAwMDAwfX0=",
          "dependencies": [
            "azurerm_resource_group.rg"
          ]
        }
      ]
    }
  ]
}
